{
  "name": "ai-affiliate-marketing-server",
  "version": "1.0.0",
  "description": "AI-powered affiliate marketing automation server",
  "main": "server.js",
  "scripts": {
    "start": "node server.js",
    "dev": "node server.js",
    "test": "echo \"Error: no test specified\" && exit 1"
  },
  "keywords": ["ai", "affiliate", "marketing", "automation", "express"],
  "author": "Your Name",
  "license": "MIT",
  "engines": {
    "node": ">=18.0.0",
    "npm": ">=8.0.0"
  },
  "dependencies": {
    "express": "^4.18.2",
    "cors": "^2.8.5",
    "body-parser": "^1.20.2",
    "googleapis": "^128.0.0",
    "google-auth-library": "^9.0.0",
    "node-fetch": "^2.7.0"
  }
}
